
Microsoft Visual Studio Solution File, Format Version 12.00
# Visual Studio 15
VisualStudioVersion = 15.0.26124.0
MinimumVisualStudioVersion = 15.0.26124.0
Project("{FAE04EC0-301F-11D3-BF4B-00C04F79EFBC}") = "PizzaBox.Client", "PizzaBox.Client\PizzaBox.Client.csproj", "{B468834A-D6DA-4362-8D4E-5472F5CE0372}"
EndProject
Project("{FAE04EC0-301F-11D3-BF4B-00C04F79EFBC}") = "PizzaBox.Domain", "PizzaBox.Domain\PizzaBox.Domain.csproj", "{0CA3C7BC-3959-4293-8A21-F065791E1546}"
EndProject
Project("{FAE04EC0-301F-11D3-BF4B-00C04F79EFBC}") = "PizzaBox.Storing", "PizzaBox.Storing\PizzaBox.Storing.csproj", "{11722DD5-678F-4ACB-AB65-568B04D85701}"
EndProject
Project("{FAE04EC0-301F-11D3-BF4B-00C04F79EFBC}") = "PizzaBox.Testing", "PizzaBox.Testing\PizzaBox.Testing.csproj", "{28848752-BF75-4355-BF8A-75C8EFF39AA1}"
EndProject
Global
	GlobalSection(SolutionConfigurationPlatforms) = preSolution
		Debug|Any CPU = Debug|Any CPU
		Debug|x64 = Debug|x64
		Debug|x86 = Debug|x86
		Release|Any CPU = Release|Any CPU
		Release|x64 = Release|x64
		Release|x86 = Release|x86
	EndGlobalSection
	GlobalSection(SolutionProperties) = preSolution
		HideSolutionNode = FALSE
	EndGlobalSection
	GlobalSection(ProjectConfigurationPlatforms) = postSolution
		{B468834A-D6DA-4362-8D4E-5472F5CE0372}.Debug|Any CPU.ActiveCfg = Debug|Any CPU
		{B468834A-D6DA-4362-8D4E-5472F5CE0372}.Debug|Any CPU.Build.0 = Debug|Any CPU
		{B468834A-D6DA-4362-8D4E-5472F5CE0372}.Debug|x64.ActiveCfg = Debug|Any CPU
		{B468834A-D6DA-4362-8D4E-5472F5CE0372}.Debug|x64.Build.0 = Debug|Any CPU
		{B468834A-D6DA-4362-8D4E-5472F5CE0372}.Debug|x86.ActiveCfg = Debug|Any CPU
		{B468834A-D6DA-4362-8D4E-5472F5CE0372}.Debug|x86.Build.0 = Debug|Any CPU
		{B468834A-D6DA-4362-8D4E-5472F5CE0372}.Release|Any CPU.ActiveCfg = Release|Any CPU
		{B468834A-D6DA-4362-8D4E-5472F5CE0372}.Release|Any CPU.Build.0 = Release|Any CPU
		{B468834A-D6DA-4362-8D4E-5472F5CE0372}.Release|x64.ActiveCfg = Release|Any CPU
		{B468834A-D6DA-4362-8D4E-5472F5CE0372}.Release|x64.Build.0 = Release|Any CPU
		{B468834A-D6DA-4362-8D4E-5472F5CE0372}.Release|x86.ActiveCfg = Release|Any CPU
		{B468834A-D6DA-4362-8D4E-5472F5CE0372}.Release|x86.Build.0 = Release|Any CPU
		{0CA3C7BC-3959-4293-8A21-F065791E1546}.Debug|Any CPU.ActiveCfg = Debug|Any CPU
		{0CA3C7BC-3959-4293-8A21-F065791E1546}.Debug|Any CPU.Build.0 = Debug|Any CPU
		{0CA3C7BC-3959-4293-8A21-F065791E1546}.Debug|x64.ActiveCfg = Debug|Any CPU
		{0CA3C7BC-3959-4293-8A21-F065791E1546}.Debug|x64.Build.0 = Debug|Any CPU
		{0CA3C7BC-3959-4293-8A21-F065791E1546}.Debug|x86.ActiveCfg = Debug|Any CPU
		{0CA3C7BC-3959-4293-8A21-F065791E1546}.Debug|x86.Build.0 = Debug|Any CPU
		{0CA3C7BC-3959-4293-8A21-F065791E1546}.Release|Any CPU.ActiveCfg = Release|Any CPU
		{0CA3C7BC-3959-4293-8A21-F065791E1546}.Release|Any CPU.Build.0 = Release|Any CPU
		{0CA3C7BC-3959-4293-8A21-F065791E1546}.Release|x64.ActiveCfg = Release|Any CPU
		{0CA3C7BC-3959-4293-8A21-F065791E1546}.Release|x64.Build.0 = Release|Any CPU
		{0CA3C7BC-3959-4293-8A21-F065791E1546}.Release|x86.ActiveCfg = Release|Any CPU
		{0CA3C7BC-3959-4293-8A21-F065791E1546}.Release|x86.Build.0 = Release|Any CPU
		{11722DD5-678F-4ACB-AB65-568B04D85701}.Debug|Any CPU.ActiveCfg = Debug|Any CPU
		{11722DD5-678F-4ACB-AB65-568B04D85701}.Debug|Any CPU.Build.0 = Debug|Any CPU
		{11722DD5-678F-4ACB-AB65-568B04D85701}.Debug|x64.ActiveCfg = Debug|Any CPU
		{11722DD5-678F-4ACB-AB65-568B04D85701}.Debug|x64.Build.0 = Debug|Any CPU
		{11722DD5-678F-4ACB-AB65-568B04D85701}.Debug|x86.ActiveCfg = Debug|Any CPU
		{11722DD5-678F-4ACB-AB65-568B04D85701}.Debug|x86.Build.0 = Debug|Any CPU
		{11722DD5-678F-4ACB-AB65-568B04D85701}.Release|Any CPU.ActiveCfg = Release|Any CPU
		{11722DD5-678F-4ACB-AB65-568B04D85701}.Release|Any CPU.Build.0 = Release|Any CPU
		{11722DD5-678F-4ACB-AB65-568B04D85701}.Release|x64.ActiveCfg = Release|Any CPU
		{11722DD5-678F-4ACB-AB65-568B04D85701}.Release|x64.Build.0 = Release|Any CPU
		{11722DD5-678F-4ACB-AB65-568B04D85701}.Release|x86.ActiveCfg = Release|Any CPU
		{11722DD5-678F-4ACB-AB65-568B04D85701}.Release|x86.Build.0 = Release|Any CPU
		{28848752-BF75-4355-BF8A-75C8EFF39AA1}.Debug|Any CPU.ActiveCfg = Debug|Any CPU
		{28848752-BF75-4355-BF8A-75C8EFF39AA1}.Debug|Any CPU.Build.0 = Debug|Any CPU
		{28848752-BF75-4355-BF8A-75C8EFF39AA1}.Debug|x64.ActiveCfg = Debug|Any CPU
		{28848752-BF75-4355-BF8A-75C8EFF39AA1}.Debug|x64.Build.0 = Debug|Any CPU
		{28848752-BF75-4355-BF8A-75C8EFF39AA1}.Debug|x86.ActiveCfg = Debug|Any CPU
		{28848752-BF75-4355-BF8A-75C8EFF39AA1}.Debug|x86.Build.0 = Debug|Any CPU
		{28848752-BF75-4355-BF8A-75C8EFF39AA1}.Release|Any CPU.ActiveCfg = Release|Any CPU
		{28848752-BF75-4355-BF8A-75C8EFF39AA1}.Release|Any CPU.Build.0 = Release|Any CPU
		{28848752-BF75-4355-BF8A-75C8EFF39AA1}.Release|x64.ActiveCfg = Release|Any CPU
		{28848752-BF75-4355-BF8A-75C8EFF39AA1}.Release|x64.Build.0 = Release|Any CPU
		{28848752-BF75-4355-BF8A-75C8EFF39AA1}.Release|x86.ActiveCfg = Release|Any CPU
		{28848752-BF75-4355-BF8A-75C8EFF39AA1}.Release|x86.Build.0 = Release|Any CPU
	EndGlobalSection
EndGlobal
